Microsoft Visual Studio Solution File, Format Version 9.00
# Visual C++ Express 2005
Project("{8BC9CEB8-8B4A-11D0-8D11-00A0C91BC942}") = "01_point_example", "01_point_example.vcproj", "{E7BFC111-F0E5-420F-869C-1FC3212270B5}"
EndProject
Project("{8BC9CEB8-8B4A-11D0-8D11-00A0C91BC942}") = "02_linestring_example", "02_linestring_example.vcproj", "{D5CE1A26-1EB7-44A4-84F9-526CFA8C2B74}"
EndProject
Project("{8BC9CEB8-8B4A-11D0-8D11-00A0C91BC942}") = "03_polygon_example", "03_polygon_example.vcproj", "{1E299DA7-CFD1-4586-B0B0-1ABF2A32ED5B}"
EndProject
Project("{8BC9CEB8-8B4A-11D0-8D11-00A0C91BC942}") = "06_a_transformation_example", "06_a_transformation_example.vcproj", "{34346EC5-1EE8-49D5-AF24-D915B4D7D144}"
EndProject
Project("{8BC9CEB8-8B4A-11D0-8D11-00A0C91BC942}") = "06_b_transformation_example", "06_b_transformation_example.vcproj", "{34346EC5-1EE8-49D5-AC21-D915B4D7D144}"
EndProject
Project("{8BC9CEB8-8B4A-11D0-8D11-00A0C91BC942}") = "05_a_overlay_polygon_example", "05_a_overlay_polygon_example.vcproj", "{119F9CCD-4B5F-4623-B4C1-F65E6323B24F}"
EndProject
Project("{8BC9CEB8-8B4A-11D0-8D11-00A0C91BC942}") = "05_b_overlay_linestring_polygon_example", "05_b_overlay_linestring_polygon_example.vcproj", "{3A803CEA-0902-4355-886A-799C596D0B46}"
EndProject
Project("{8BC9CEB8-8B4A-11D0-8D11-00A0C91BC942}") = "07_a_graph_route_example", "07_a_graph_route_example.vcproj", "{47D30DD8-CBB1-4527-811F-F0193E22B317}"
EndProject
Project("{8BC9CEB8-8B4A-11D0-8D11-00A0C91BC942}") = "07_b_graph_route_example", "07_b_graph_route_example.vcproj", "{940B049A-51AF-48DE-B366-11B42B98E3B3}"
EndProject
Global
	GlobalSection(SolutionConfigurationPlatforms) = preSolution
		Debug|Win32 = Debug|Win32
		Release|Win32 = Release|Win32
	EndGlobalSection
	GlobalSection(ProjectConfigurationPlatforms) = postSolution
		{E7BFC111-F0E5-420F-869C-1FC3212270B5}.Debug|Win32.ActiveCfg = Debug|Win32
		{E7BFC111-F0E5-420F-869C-1FC3212270B5}.Debug|Win32.Build.0 = Debug|Win32
		{E7BFC111-F0E5-420F-869C-1FC3212270B5}.Release|Win32.ActiveCfg = Release|Win32
		{E7BFC111-F0E5-420F-869C-1FC3212270B5}.Release|Win32.Build.0 = Release|Win32
		{D5CE1A26-1EB7-44A4-84F9-526CFA8C2B74}.Debug|Win32.ActiveCfg = Debug|Win32
		{D5CE1A26-1EB7-44A4-84F9-526CFA8C2B74}.Debug|Win32.Build.0 = Debug|Win32
		{D5CE1A26-1EB7-44A4-84F9-526CFA8C2B74}.Release|Win32.ActiveCfg = Release|Win32
		{D5CE1A26-1EB7-44A4-84F9-526CFA8C2B74}.Release|Win32.Build.0 = Release|Win32
		{1E299DA7-CFD1-4586-B0B0-1ABF2A32ED5B}.Debug|Win32.ActiveCfg = Debug|Win32
		{1E299DA7-CFD1-4586-B0B0-1ABF2A32ED5B}.Debug|Win32.Build.0 = Debug|Win32
		{1E299DA7-CFD1-4586-B0B0-1ABF2A32ED5B}.Release|Win32.ActiveCfg = Release|Win32
		{1E299DA7-CFD1-4586-B0B0-1ABF2A32ED5B}.Release|Win32.Build.0 = Release|Win32
		{34346EC5-1EE8-49D5-AF24-D915B4D7D144}.Debug|Win32.ActiveCfg = Debug|Win32
		{34346EC5-1EE8-49D5-AF24-D915B4D7D144}.Debug|Win32.Build.0 = Debug|Win32
		{34346EC5-1EE8-49D5-AF24-D915B4D7D144}.Release|Win32.ActiveCfg = Release|Win32
		{34346EC5-1EE8-49D5-AF24-D915B4D7D144}.Release|Win32.Build.0 = Release|Win32
		{34346EC5-1EE8-49D5-AC21-D915B4D7D144}.Debug|Win32.ActiveCfg = Debug|Win32
		{34346EC5-1EE8-49D5-AC21-D915B4D7D144}.Debug|Win32.Build.0 = Debug|Win32
		{34346EC5-1EE8-49D5-AC21-D915B4D7D144}.Release|Win32.ActiveCfg = Release|Win32
		{34346EC5-1EE8-49D5-AC21-D915B4D7D144}.Release|Win32.Build.0 = Release|Win32
		{119F9CCD-4B5F-4623-B4C1-F65E6323B24F}.Debug|Win32.ActiveCfg = Debug|Win32
		{119F9CCD-4B5F-4623-B4C1-F65E6323B24F}.Debug|Win32.Build.0 = Debug|Win32
		{119F9CCD-4B5F-4623-B4C1-F65E6323B24F}.Release|Win32.ActiveCfg = Release|Win32
		{119F9CCD-4B5F-4623-B4C1-F65E6323B24F}.Release|Win32.Build.0 = Release|Win32
		{3A803CEA-0902-4355-886A-799C596D0B46}.Debug|Win32.ActiveCfg = Debug|Win32
		{3A803CEA-0902-4355-886A-799C596D0B46}.Debug|Win32.Build.0 = Debug|Win32
		{3A803CEA-0902-4355-886A-799C596D0B46}.Release|Win32.ActiveCfg = Release|Win32
		{3A803CEA-0902-4355-886A-799C596D0B46}.Release|Win32.Build.0 = Release|Win32
		{47D30DD8-CBB1-4527-811F-F0193E22B317}.Debug|Win32.ActiveCfg = Debug|Win32
		{47D30DD8-CBB1-4527-811F-F0193E22B317}.Debug|Win32.Build.0 = Debug|Win32
		{47D30DD8-CBB1-4527-811F-F0193E22B317}.Release|Win32.ActiveCfg = Release|Win32
		{47D30DD8-CBB1-4527-811F-F0193E22B317}.Release|Win32.Build.0 = Release|Win32
		{940B049A-51AF-48DE-B366-11B42B98E3B3}.Debug|Win32.ActiveCfg = Debug|Win32
		{940B049A-51AF-48DE-B366-11B42B98E3B3}.Debug|Win32.Build.0 = Debug|Win32
		{940B049A-51AF-48DE-B366-11B42B98E3B3}.Release|Win32.ActiveCfg = Release|Win32
		{940B049A-51AF-48DE-B366-11B42B98E3B3}.Release|Win32.Build.0 = Release|Win32
	EndGlobalSection
	GlobalSection(SolutionProperties) = preSolution
		HideSolutionNode = FALSE
	EndGlobalSection
EndGlobal
