Microsoft Visual Studio Solution File, Format Version 9.00
# Visual C++ Express 2005
Project("{8BC9CEB8-8B4A-11D0-8D11-00A0C91BC942}") = "remove_holes_if", "remove_holes_if.vcproj", "{A7E79D37-594F-4337-B748-DB40FAEF7505}"
EndProject
Project("{8BC9CEB8-8B4A-11D0-8D11-00A0C91BC942}") = "midpoints", "midpoints.vcproj", "{CE23DFB5-0705-4F13-9FAB-C97F903B3F96}"
EndProject
Project("{8BC9CEB8-8B4A-11D0-8D11-00A0C91BC942}") = "selected", "selected.vcproj", "{22DD12E5-4AAD-4066-9C4F-4C360F7759AA}"
EndProject
Project("{8BC9CEB8-8B4A-11D0-8D11-00A0C91BC942}") = "connect", "connect.vcproj", "{D502500F-AF66-4F24-8735-09DF8A7DF6AA}"
EndProject
Project("{8BC9CEB8-8B4A-11D0-8D11-00A0C91BC942}") = "offset", "offset.vcproj", "{E9260F9F-41D3-4FD0-8DE6-95EE372F5391}"
EndProject
Project("{8BC9CEB8-8B4A-11D0-8D11-00A0C91BC942}") = "mark_spikes", "mark_spikes.vcproj", "{0DFC6D76-C73C-41E6-BCAD-06A4E4F37593}"
EndProject
Project("{8BC9CEB8-8B4A-11D0-8D11-00A0C91BC942}") = "dissolve", "dissolve.vcproj", "{206F83D5-17F9-4856-A1DE-82301DB94439}"
EndProject
Global
	GlobalSection(SolutionConfigurationPlatforms) = preSolution
		Debug|Win32 = Debug|Win32
		Release|Win32 = Release|Win32
	EndGlobalSection
	GlobalSection(ProjectConfigurationPlatforms) = postSolution
		{A7E79D37-594F-4337-B748-DB40FAEF7505}.Debug|Win32.ActiveCfg = Debug|Win32
		{A7E79D37-594F-4337-B748-DB40FAEF7505}.Debug|Win32.Build.0 = Debug|Win32
		{A7E79D37-594F-4337-B748-DB40FAEF7505}.Release|Win32.ActiveCfg = Release|Win32
		{A7E79D37-594F-4337-B748-DB40FAEF7505}.Release|Win32.Build.0 = Release|Win32
		{CE23DFB5-0705-4F13-9FAB-C97F903B3F96}.Debug|Win32.ActiveCfg = Debug|Win32
		{CE23DFB5-0705-4F13-9FAB-C97F903B3F96}.Debug|Win32.Build.0 = Debug|Win32
		{CE23DFB5-0705-4F13-9FAB-C97F903B3F96}.Release|Win32.ActiveCfg = Release|Win32
		{CE23DFB5-0705-4F13-9FAB-C97F903B3F96}.Release|Win32.Build.0 = Release|Win32
		{22DD12E5-4AAD-4066-9C4F-4C360F7759AA}.Debug|Win32.ActiveCfg = Debug|Win32
		{22DD12E5-4AAD-4066-9C4F-4C360F7759AA}.Debug|Win32.Build.0 = Debug|Win32
		{22DD12E5-4AAD-4066-9C4F-4C360F7759AA}.Release|Win32.ActiveCfg = Release|Win32
		{22DD12E5-4AAD-4066-9C4F-4C360F7759AA}.Release|Win32.Build.0 = Release|Win32
		{D502500F-AF66-4F24-8735-09DF8A7DF6AA}.Debug|Win32.ActiveCfg = Debug|Win32
		{D502500F-AF66-4F24-8735-09DF8A7DF6AA}.Debug|Win32.Build.0 = Debug|Win32
		{D502500F-AF66-4F24-8735-09DF8A7DF6AA}.Release|Win32.ActiveCfg = Release|Win32
		{D502500F-AF66-4F24-8735-09DF8A7DF6AA}.Release|Win32.Build.0 = Release|Win32
		{E9260F9F-41D3-4FD0-8DE6-95EE372F5391}.Debug|Win32.ActiveCfg = Debug|Win32
		{E9260F9F-41D3-4FD0-8DE6-95EE372F5391}.Debug|Win32.Build.0 = Debug|Win32
		{E9260F9F-41D3-4FD0-8DE6-95EE372F5391}.Release|Win32.ActiveCfg = Release|Win32
		{E9260F9F-41D3-4FD0-8DE6-95EE372F5391}.Release|Win32.Build.0 = Release|Win32
		{0DFC6D76-C73C-41E6-BCAD-06A4E4F37593}.Debug|Win32.ActiveCfg = Debug|Win32
		{0DFC6D76-C73C-41E6-BCAD-06A4E4F37593}.Debug|Win32.Build.0 = Debug|Win32
		{0DFC6D76-C73C-41E6-BCAD-06A4E4F37593}.Release|Win32.ActiveCfg = Release|Win32
		{0DFC6D76-C73C-41E6-BCAD-06A4E4F37593}.Release|Win32.Build.0 = Release|Win32
		{206F83D5-17F9-4856-A1DE-82301DB94439}.Debug|Win32.ActiveCfg = Debug|Win32
		{206F83D5-17F9-4856-A1DE-82301DB94439}.Debug|Win32.Build.0 = Debug|Win32
		{206F83D5-17F9-4856-A1DE-82301DB94439}.Release|Win32.ActiveCfg = Release|Win32
		{206F83D5-17F9-4856-A1DE-82301DB94439}.Release|Win32.Build.0 = Release|Win32
	EndGlobalSection
	GlobalSection(SolutionProperties) = preSolution
		HideSolutionNode = FALSE
	EndGlobalSection
EndGlobal
