Microsoft Visual Studio Solution File, Format Version 9.00
# Visual C++ Express 2005
Project("{8BC9CEB8-8B4A-11D0-8D11-00A0C91BC942}") = "projection", "projection.vcproj", "{A46D98E8-88F2-4795-B839-CD3F6082E7B2}"
EndProject
Project("{8BC9CEB8-8B4A-11D0-8D11-00A0C91BC942}") = "projections", "projections.vcproj", "{38CDDD8A-3B15-4D38-85CA-7EC446FA61FA}"
EndProject
Project("{8BC9CEB8-8B4A-11D0-8D11-00A0C91BC942}") = "projection_epsg", "projection_epsg.vcproj", "{06E9D20E-FF21-4245-89B4-04387F0F0DCC}"
EndProject
Global
	GlobalSection(SolutionConfigurationPlatforms) = preSolution
		Debug|Win32 = Debug|Win32
		Release|Win32 = Release|Win32
	EndGlobalSection
	GlobalSection(ProjectConfigurationPlatforms) = postSolution
		{A46D98E8-88F2-4795-B839-CD3F6082E7B2}.Debug|Win32.ActiveCfg = Debug|Win32
		{A46D98E8-88F2-4795-B839-CD3F6082E7B2}.Debug|Win32.Build.0 = Debug|Win32
		{A46D98E8-88F2-4795-B839-CD3F6082E7B2}.Release|Win32.ActiveCfg = Release|Win32
		{A46D98E8-88F2-4795-B839-CD3F6082E7B2}.Release|Win32.Build.0 = Release|Win32
		{38CDDD8A-3B15-4D38-85CA-7EC446FA61FA}.Debug|Win32.ActiveCfg = Debug|Win32
		{38CDDD8A-3B15-4D38-85CA-7EC446FA61FA}.Debug|Win32.Build.0 = Debug|Win32
		{38CDDD8A-3B15-4D38-85CA-7EC446FA61FA}.Release|Win32.ActiveCfg = Release|Win32
		{38CDDD8A-3B15-4D38-85CA-7EC446FA61FA}.Release|Win32.Build.0 = Release|Win32
		{06E9D20E-FF21-4245-89B4-04387F0F0DCC}.Debug|Win32.ActiveCfg = Debug|Win32
		{06E9D20E-FF21-4245-89B4-04387F0F0DCC}.Debug|Win32.Build.0 = Debug|Win32
		{06E9D20E-FF21-4245-89B4-04387F0F0DCC}.Release|Win32.ActiveCfg = Release|Win32
		{06E9D20E-FF21-4245-89B4-04387F0F0DCC}.Release|Win32.Build.0 = Release|Win32
	EndGlobalSection
	GlobalSection(SolutionProperties) = preSolution
		HideSolutionNode = FALSE
	EndGlobalSection
EndGlobal
